
Microsoft Visual Studio Solution File, Format Version 12.00
# Visual Studio Version 17
VisualStudioVersion = 17.2.32616.157
MinimumVisualStudioVersion = 10.0.40219.1
Project("{FAE04EC0-301F-11D3-BF4B-00C04F79EFBC}") = "logistics", "logistics.csproj", "{814EBF06-8B0F-4CFE-824F-3574EE0ABBD7}"
EndProject
Global
	GlobalSection(SolutionConfigurationPlatforms) = preSolution
		Debug|Any CPU = Debug|Any CPU
		Release|Any CPU = Release|Any CPU
	EndGlobalSection
	GlobalSection(ProjectConfigurationPlatforms) = postSolution
		{814EBF06-8B0F-4CFE-824F-3574EE0ABBD7}.Debug|Any CPU.ActiveCfg = Debug|Any CPU
		{814EBF06-8B0F-4CFE-824F-3574EE0ABBD7}.Debug|Any CPU.Build.0 = Debug|Any CPU
		{814EBF06-8B0F-4CFE-824F-3574EE0ABBD7}.Release|Any CPU.ActiveCfg = Release|Any CPU
		{814EBF06-8B0F-4CFE-824F-3574EE0ABBD7}.Release|Any CPU.Build.0 = Release|Any CPU
	EndGlobalSection
	GlobalSection(SolutionProperties) = preSolution
		HideSolutionNode = FALSE
	EndGlobalSection
	GlobalSection(ExtensibilityGlobals) = postSolution
		SolutionGuid = {6890D01F-E839-4C60-B2BA-7F5FED06493E}
	EndGlobalSection
EndGlobal
